// !$*UTF8*$!
{
	archiveVersion = 1;
	classes = {
	};
	objectVersion = 55;
	objects = {

/* Begin PBXBuildFile section */
		B90EF70828155ED000EC1BB6 /* Interview_Tracker_Core_Data_Model.xcdatamodeld in Sources */ = {isa = PBXBuildFile; fileRef = B90EF70628155ED000EC1BB6 /* Interview_Tracker_Core_Data_Model.xcdatamodeld */; };
		B90EF70A28155F7500EC1BB6 /* CoreDataViewModel.swift in Sources */ = {isa = PBXBuildFile; fileRef = B90EF70928155F7500EC1BB6 /* CoreDataViewModel.swift */; };
		B92CD6D628145E4F001E111E /* AddViewController.swift in Sources */ = {isa = PBXBuildFile; fileRef = B92CD6D528145E4F001E111E /* AddViewController.swift */; };
		B9B2E45D280E08FA00222F90 /* AppDelegate.swift in Sources */ = {isa = PBXBuildFile; fileRef = B9B2E45C280E08FA00222F90 /* AppDelegate.swift */; };
		B9B2E45F280E08FA00222F90 /* SceneDelegate.swift in Sources */ = {isa = PBXBuildFile; fileRef = B9B2E45E280E08FA00222F90 /* SceneDelegate.swift */; };
		B9B2E461280E08FA00222F90 /* ViewController.swift in Sources */ = {isa = PBXBuildFile; fileRef = B9B2E460280E08FA00222F90 /* ViewController.swift */; };
		B9B2E464280E08FA00222F90 /* Main.storyboard in Resources */ = {isa = PBXBuildFile; fileRef = B9B2E462280E08FA00222F90 /* Main.storyboard */; };
		B9B2E466280E08FA00222F90 /* Assets.xcassets in Resources */ = {isa = PBXBuildFile; fileRef = B9B2E465280E08FA00222F90 /* Assets.xcassets */; };
		B9B2E469280E08FA00222F90 /* LaunchScreen.storyboard in Resources */ = {isa = PBXBuildFile; fileRef = B9B2E467280E08FA00222F90 /* LaunchScreen.storyboard */; };
		B9B2E476280E09BD00222F90 /* MainViewController.swift in Sources */ = {isa = PBXBuildFile; fileRef = B9B2E475280E09BD00222F90 /* MainViewController.swift */; };
		B9B2E479280E0B5A00222F90 /* SnapKit in Frameworks */ = {isa = PBXBuildFile; productRef = B9B2E478280E0B5A00222F90 /* SnapKit */; };
		B9C92FD6281722CD00528E6E /* InterviewCell.swift in Sources */ = {isa = PBXBuildFile; fileRef = B9C92FD5281722CD00528E6E /* InterviewCell.swift */; };
/* End PBXBuildFile section */

/* Begin PBXFileReference section */
		B90EF70728155ED000EC1BB6 /* Interview_Tracker_Core_Data_Model.xcdatamodel */ = {isa = PBXFileReference; lastKnownFileType = wrapper.xcdatamodel; path = Interview_Tracker_Core_Data_Model.xcdatamodel; sourceTree = "<group>"; };
		B90EF70928155F7500EC1BB6 /* CoreDataViewModel.swift */ = {isa = PBXFileReference; lastKnownFileType = sourcecode.swift; path = CoreDataViewModel.swift; sourceTree = "<group>"; };
		B92CD6D528145E4F001E111E /* AddViewController.swift */ = {isa = PBXFileReference; lastKnownFileType = sourcecode.swift; path = AddViewController.swift; sourceTree = "<group>"; };
		B9B2E459280E08FA00222F90 /* Application Tracker.app */ = {isa = PBXFileReference; explicitFileType = wrapper.application; includeInIndex = 0; path = "Application Tracker.app"; sourceTree = BUILT_PRODUCTS_DIR; };
		B9B2E45C280E08FA00222F90 /* AppDelegate.swift */ = {isa = PBXFileReference; lastKnownFileType = sourcecode.swift; path = AppDelegate.swift; sourceTree = "<group>"; };
		B9B2E45E280E08FA00222F90 /* SceneDelegate.swift */ = {isa = PBXFileReference; lastKnownFileType = sourcecode.swift; path = SceneDelegate.swift; sourceTree = "<group>"; };
		B9B2E460280E08FA00222F90 /* ViewController.swift */ = {isa = PBXFileReference; lastKnownFileType = sourcecode.swift; path = ViewController.swift; sourceTree = "<group>"; };
		B9B2E463280E08FA00222F90 /* Base */ = {isa = PBXFileReference; lastKnownFileType = file.storyboard; name = Base; path = Base.lproj/Main.storyboard; sourceTree = "<group>"; };
		B9B2E465280E08FA00222F90 /* Assets.xcassets */ = {isa = PBXFileReference; lastKnownFileType = folder.assetcatalog; path = Assets.xcassets; sourceTree = "<group>"; };
		B9B2E468280E08FA00222F90 /* Base */ = {isa = PBXFileReference; lastKnownFileType = file.storyboard; name = Base; path = Base.lproj/LaunchScreen.storyboard; sourceTree = "<group>"; };
		B9B2E46A280E08FA00222F90 /* Info.plist */ = {isa = PBXFileReference; lastKnownFileType = text.plist.xml; path = Info.plist; sourceTree = "<group>"; };
		B9B2E475280E09BD00222F90 /* MainViewController.swift */ = {isa = PBXFileReference; lastKnownFileType = sourcecode.swift; path = MainViewController.swift; sourceTree = "<group>"; };
		B9C92FD5281722CD00528E6E /* InterviewCell.swift */ = {isa = PBXFileReference; lastKnownFileType = sourcecode.swift; path = InterviewCell.swift; sourceTree = "<group>"; };
/* End PBXFileReference section */

/* Begin PBXFrameworksBuildPhase section */
		B9B2E456280E08FA00222F90 /* Frameworks */ = {
			isa = PBXFrameworksBuildPhase;
			buildActionMask = 2147483647;
			files = (
				B9B2E479280E0B5A00222F90 /* SnapKit in Frameworks */,
			);
			runOnlyForDeploymentPostprocessing = 0;
		};
/* End PBXFrameworksBuildPhase section */

/* Begin PBXGroup section */
		B9B2E450280E08FA00222F90 = {
			isa = PBXGroup;
			children = (
				B9B2E45B280E08FA00222F90 /* Application Tracker */,
				B9B2E45A280E08FA00222F90 /* Products */,
			);
			sourceTree = "<group>";
		};
		B9B2E45A280E08FA00222F90 /* Products */ = {
			isa = PBXGroup;
			children = (
				B9B2E459280E08FA00222F90 /* Application Tracker.app */,
			);
			name = Products;
			sourceTree = "<group>";
		};
		B9B2E45B280E08FA00222F90 /* Application Tracker */ = {
			isa = PBXGroup;
			children = (
				B9B2E471280E090900222F90 /* Features */,
				B9B2E470280E090300222F90 /* Core */,
				B9B2E46A280E08FA00222F90 /* Info.plist */,
				B90EF70628155ED000EC1BB6 /* Interview_Tracker_Core_Data_Model.xcdatamodeld */,
			);
			path = "Application Tracker";
			sourceTree = "<group>";
		};
		B9B2E470280E090300222F90 /* Core */ = {
			isa = PBXGroup;
			children = (
				B9B2E45C280E08FA00222F90 /* AppDelegate.swift */,
				B9B2E45E280E08FA00222F90 /* SceneDelegate.swift */,
				B9B2E460280E08FA00222F90 /* ViewController.swift */,
				B9B2E462280E08FA00222F90 /* Main.storyboard */,
				B9B2E465280E08FA00222F90 /* Assets.xcassets */,
				B9B2E467280E08FA00222F90 /* LaunchScreen.storyboard */,
			);
			path = Core;
			sourceTree = "<group>";
		};
		B9B2E471280E090900222F90 /* Features */ = {
			isa = PBXGroup;
			children = (
				B9B2E47A280E0C4000222F90 /* Extensions */,
				B9B2E474280E094900222F90 /* Model */,
				B9B2E473280E094100222F90 /* View */,
				B9B2E472280E091B00222F90 /* View Model */,
			);
			path = Features;
			sourceTree = "<group>";
		};
		B9B2E472280E091B00222F90 /* View Model */ = {
			isa = PBXGroup;
			children = (
				B90EF70928155F7500EC1BB6 /* CoreDataViewModel.swift */,
			);
			path = "View Model";
			sourceTree = "<group>";
		};
		B9B2E473280E094100222F90 /* View */ = {
			isa = PBXGroup;
			children = (
				B9C92FD42817229100528E6E /* TableView Cell */,
				B9B2E475280E09BD00222F90 /* MainViewController.swift */,
				B92CD6D528145E4F001E111E /* AddViewController.swift */,
			);
			path = View;
			sourceTree = "<group>";
		};
		B9B2E474280E094900222F90 /* Model */ = {
			isa = PBXGroup;
			children = (
			);
			path = Model;
			sourceTree = "<group>";
		};
		B9B2E47A280E0C4000222F90 /* Extensions */ = {
			isa = PBXGroup;
			children = (
			);
			path = Extensions;
			sourceTree = "<group>";
		};
		B9C92FD42817229100528E6E /* TableView Cell */ = {
			isa = PBXGroup;
			children = (
				B9C92FD5281722CD00528E6E /* InterviewCell.swift */,
			);
			path = "TableView Cell";
			sourceTree = "<group>";
		};
/* End PBXGroup section */

/* Begin PBXNativeTarget section */
		B9B2E458280E08FA00222F90 /* Application Tracker */ = {
			isa = PBXNativeTarget;
			buildConfigurationList = B9B2E46D280E08FA00222F90 /* Build configuration list for PBXNativeTarget "Application Tracker" */;
			buildPhases = (
				B9B2E455280E08FA00222F90 /* Sources */,
				B9B2E456280E08FA00222F90 /* Frameworks */,
				B9B2E457280E08FA00222F90 /* Resources */,
			);
			buildRules = (
			);
			dependencies = (
			);
			name = "Application Tracker";
			packageProductDependencies = (
				B9B2E478280E0B5A00222F90 /* SnapKit */,
			);
			productName = "Application Tracker";
			productReference = B9B2E459280E08FA00222F90 /* Application Tracker.app */;
			productType = "com.apple.product-type.application";
		};
/* End PBXNativeTarget section */

/* Begin PBXProject section */
		B9B2E451280E08FA00222F90 /* Project object */ = {
			isa = PBXProject;
			attributes = {
				BuildIndependentTargetsInParallel = 1;
				LastSwiftUpdateCheck = 1330;
				LastUpgradeCheck = 1330;
				TargetAttributes = {
					B9B2E458280E08FA00222F90 = {
						CreatedOnToolsVersion = 13.3;
					};
				};
			};
			buildConfigurationList = B9B2E454280E08FA00222F90 /* Build configuration list for PBXProject "Application Tracker" */;
			compatibilityVersion = "Xcode 13.0";
			developmentRegion = en;
			hasScannedForEncodings = 0;
			knownRegions = (
				en,
				Base,
			);
			mainGroup = B9B2E450280E08FA00222F90;
			packageReferences = (
				B9B2E477280E0B5A00222F90 /* XCRemoteSwiftPackageReference "SnapKit" */,
			);
			productRefGroup = B9B2E45A280E08FA00222F90 /* Products */;
			projectDirPath = "";
			projectRoot = "";
			targets = (
				B9B2E458280E08FA00222F90 /* Application Tracker */,
			);
		};
/* End PBXProject section */

/* Begin PBXResourcesBuildPhase section */
		B9B2E457280E08FA00222F90 /* Resources */ = {
			isa = PBXResourcesBuildPhase;
			buildActionMask = 2147483647;
			files = (
				B9B2E469280E08FA00222F90 /* LaunchScreen.storyboard in Resources */,
				B9B2E466280E08FA00222F90 /* Assets.xcassets in Resources */,
				B9B2E464280E08FA00222F90 /* Main.storyboard in Resources */,
			);
			runOnlyForDeploymentPostprocessing = 0;
		};
/* End PBXResourcesBuildPhase section */

/* Begin PBXSourcesBuildPhase section */
		B9B2E455280E08FA00222F90 /* Sources */ = {
			isa = PBXSourcesBuildPhase;
			buildActionMask = 2147483647;
			files = (
				B92CD6D628145E4F001E111E /* AddViewController.swift in Sources */,
				B90EF70828155ED000EC1BB6 /* Interview_Tracker_Core_Data_Model.xcdatamodeld in Sources */,
				B90EF70A28155F7500EC1BB6 /* CoreDataViewModel.swift in Sources */,
				B9C92FD6281722CD00528E6E /* InterviewCell.swift in Sources */,
				B9B2E461280E08FA00222F90 /* ViewController.swift in Sources */,
				B9B2E45D280E08FA00222F90 /* AppDelegate.swift in Sources */,
				B9B2E45F280E08FA00222F90 /* SceneDelegate.swift in Sources */,
				B9B2E476280E09BD00222F90 /* MainViewController.swift in Sources */,
			);
			runOnlyForDeploymentPostprocessing = 0;
		};
/* End PBXSourcesBuildPhase section */

/* Begin PBXVariantGroup section */
		B9B2E462280E08FA00222F90 /* Main.storyboard */ = {
			isa = PBXVariantGroup;
			children = (
				B9B2E463280E08FA00222F90 /* Base */,
			);
			name = Main.storyboard;
			sourceTree = "<group>";
		};
		B9B2E467280E08FA00222F90 /* LaunchScreen.storyboard */ = {
			isa = PBXVariantGroup;
			children = (
				B9B2E468280E08FA00222F90 /* Base */,
			);
			name = LaunchScreen.storyboard;
			sourceTree = "<group>";
		};
/* End PBXVariantGroup section */

/* Begin XCBuildConfiguration section */
		B9B2E46B280E08FA00222F90 /* Debug */ = {
			isa = XCBuildConfiguration;
			buildSettings = {
				ALWAYS_SEARCH_USER_PATHS = NO;
				CLANG_ANALYZER_NONNULL = YES;
				CLANG_ANALYZER_NUMBER_OBJECT_CONVERSION = YES_AGGRESSIVE;
				CLANG_CXX_LANGUAGE_STANDARD = "gnu++17";
				CLANG_ENABLE_MODULES = YES;
				CLANG_ENABLE_OBJC_ARC = YES;
				CLANG_ENABLE_OBJC_WEAK = YES;
				CLANG_WARN_BLOCK_CAPTURE_AUTORELEASING = YES;
				CLANG_WARN_BOOL_CONVERSION = YES;
				CLANG_WARN_COMMA = YES;
				CLANG_WARN_CONSTANT_CONVERSION = YES;
				CLANG_WARN_DEPRECATED_OBJC_IMPLEMENTATIONS = YES;
				CLANG_WARN_DIRECT_OBJC_ISA_USAGE = YES_ERROR;
				CLANG_WARN_DOCUMENTATION_COMMENTS = YES;
				CLANG_WARN_EMPTY_BODY = YES;
				CLANG_WARN_ENUM_CONVERSION = YES;
				CLANG_WARN_INFINITE_RECURSION = YES;
				CLANG_WARN_INT_CONVERSION = YES;
				CLANG_WARN_NON_LITERAL_NULL_CONVERSION = YES;
				CLANG_WARN_OBJC_IMPLICIT_RETAIN_SELF = YES;
				CLANG_WARN_OBJC_LITERAL_CONVERSION = YES;
				CLANG_WARN_OBJC_ROOT_CLASS = YES_ERROR;
				CLANG_WARN_QUOTED_INCLUDE_IN_FRAMEWORK_HEADER = YES;
				CLANG_WARN_RANGE_LOOP_ANALYSIS = YES;
				CLANG_WARN_STRICT_PROTOTYPES = YES;
				CLANG_WARN_SUSPICIOUS_MOVE = YES;
				CLANG_WARN_UNGUARDED_AVAILABILITY = YES_AGGRESSIVE;
				CLANG_WARN_UNREACHABLE_CODE = YES;
				CLANG_WARN__DUPLICATE_METHOD_MATCH = YES;
				COPY_PHASE_STRIP = NO;
				DEBUG_INFORMATION_FORMAT = dwarf;
				ENABLE_STRICT_OBJC_MSGSEND = YES;
				ENABLE_TESTABILITY = YES;
				GCC_C_LANGUAGE_STANDARD = gnu11;
				GCC_DYNAMIC_NO_PIC = NO;
				GCC_NO_COMMON_BLOCKS = YES;
				GCC_OPTIMIZATION_LEVEL = 0;
				GCC_PREPROCESSOR_DEFINITIONS = (
					"DEBUG=1",
					"$(inherited)",
				);
				GCC_WARN_64_TO_32_BIT_CONVERSION = YES;
				GCC_WARN_ABOUT_RETURN_TYPE = YES_ERROR;
				GCC_WARN_UNDECLARED_SELECTOR = YES;
				GCC_WARN_UNINITIALIZED_AUTOS = YES_AGGRESSIVE;
				GCC_WARN_UNUSED_FUNCTION = YES;
				GCC_WARN_UNUSED_VARIABLE = YES;
				IPHONEOS_DEPLOYMENT_TARGET = 15.4;
				MTL_ENABLE_DEBUG_INFO = INCLUDE_SOURCE;
				MTL_FAST_MATH = YES;
				ONLY_ACTIVE_ARCH = YES;
				SDKROOT = iphoneos;
				SWIFT_ACTIVE_COMPILATION_CONDITIONS = DEBUG;
				SWIFT_OPTIMIZATION_LEVEL = "-Onone";
			};
			name = Debug;
		};
		B9B2E46C280E08FA00222F90 /* Release */ = {
			isa = XCBuildConfiguration;
			buildSettings = {
				ALWAYS_SEARCH_USER_PATHS = NO;
				CLANG_ANALYZER_NONNULL = YES;
				CLANG_ANALYZER_NUMBER_OBJECT_CONVERSION = YES_AGGRESSIVE;
				CLANG_CXX_LANGUAGE_STANDARD = "gnu++17";
				CLANG_ENABLE_MODULES = YES;
				CLANG_ENABLE_OBJC_ARC = YES;
				CLANG_ENABLE_OBJC_WEAK = YES;
				CLANG_WARN_BLOCK_CAPTURE_AUTORELEASING = YES;
				CLANG_WARN_BOOL_CONVERSION = YES;
				CLANG_WARN_COMMA = YES;
				CLANG_WARN_CONSTANT_CONVERSION = YES;
				CLANG_WARN_DEPRECATED_OBJC_IMPLEMENTATIONS = YES;
				CLANG_WARN_DIRECT_OBJC_ISA_USAGE = YES_ERROR;
				CLANG_WARN_DOCUMENTATION_COMMENTS = YES;
				CLANG_WARN_EMPTY_BODY = YES;
				CLANG_WARN_ENUM_CONVERSION = YES;
				CLANG_WARN_INFINITE_RECURSION = YES;
				CLANG_WARN_INT_CONVERSION = YES;
				CLANG_WARN_NON_LITERAL_NULL_CONVERSION = YES;
				CLANG_WARN_OBJC_IMPLICIT_RETAIN_SELF = YES;
				CLANG_WARN_OBJC_LITERAL_CONVERSION = YES;
				CLANG_WARN_OBJC_ROOT_CLASS = YES_ERROR;
				CLANG_WARN_QUOTED_INCLUDE_IN_FRAMEWORK_HEADER = YES;
				CLANG_WARN_RANGE_LOOP_ANALYSIS = YES;
				CLANG_WARN_STRICT_PROTOTYPES = YES;
				CLANG_WARN_SUSPICIOUS_MOVE = YES;
				CLANG_WARN_UNGUARDED_AVAILABILITY = YES_AGGRESSIVE;
				CLANG_WARN_UNREACHABLE_CODE = YES;
				CLANG_WARN__DUPLICATE_METHOD_MATCH = YES;
				COPY_PHASE_STRIP = NO;
				DEBUG_INFORMATION_FORMAT = "dwarf-with-dsym";
				ENABLE_NS_ASSERTIONS = NO;
				ENABLE_STRICT_OBJC_MSGSEND = YES;
				GCC_C_LANGUAGE_STANDARD = gnu11;
				GCC_NO_COMMON_BLOCKS = YES;
				GCC_WARN_64_TO_32_BIT_CONVERSION = YES;
				GCC_WARN_ABOUT_RETURN_TYPE = YES_ERROR;
				GCC_WARN_UNDECLARED_SELECTOR = YES;
				GCC_WARN_UNINITIALIZED_AUTOS = YES_AGGRESSIVE;
				GCC_WARN_UNUSED_FUNCTION = YES;
				GCC_WARN_UNUSED_VARIABLE = YES;
				IPHONEOS_DEPLOYMENT_TARGET = 15.4;
				MTL_ENABLE_DEBUG_INFO = NO;
				MTL_FAST_MATH = YES;
				SDKROOT = iphoneos;
				SWIFT_COMPILATION_MODE = wholemodule;
				SWIFT_OPTIMIZATION_LEVEL = "-O";
				VALIDATE_PRODUCT = YES;
			};
			name = Release;
		};
		B9B2E46E280E08FA00222F90 /* Debug */ = {
			isa = XCBuildConfiguration;
			buildSettings = {
				ASSETCATALOG_COMPILER_APPICON_NAME = AppIcon;
				ASSETCATALOG_COMPILER_GLOBAL_ACCENT_COLOR_NAME = AccentColor;
				CODE_SIGN_STYLE = Automatic;
				CURRENT_PROJECT_VERSION = 1;
				DEVELOPMENT_TEAM = 9Y58TRUZ8U;
				GENERATE_INFOPLIST_FILE = YES;
				INFOPLIST_FILE = "Application Tracker/Info.plist";
				INFOPLIST_KEY_UIApplicationSupportsIndirectInputEvents = YES;
				INFOPLIST_KEY_UILaunchStoryboardName = LaunchScreen;
				INFOPLIST_KEY_UIMainStoryboardFile = Main;
				INFOPLIST_KEY_UISupportedInterfaceOrientations_iPad = "UIInterfaceOrientationPortrait UIInterfaceOrientationPortraitUpsideDown UIInterfaceOrientationLandscapeLeft UIInterfaceOrientationLandscapeRight";
				INFOPLIST_KEY_UISupportedInterfaceOrientations_iPhone = "UIInterfaceOrientationPortrait UIInterfaceOrientationLandscapeLeft UIInterfaceOrientationLandscapeRight";
				LD_RUNPATH_SEARCH_PATHS = (
					"$(inherited)",
					"@executable_path/Frameworks",
				);
				MARKETING_VERSION = 1.0;
				PRODUCT_BUNDLE_IDENTIFIER = "com.arslankaanaydin.Application-Tracker";
				PRODUCT_NAME = "$(TARGET_NAME)";
				SWIFT_EMIT_LOC_STRINGS = YES;
				SWIFT_VERSION = 5.0;
				TARGETED_DEVICE_FAMILY = "1,2";
			};
			name = Debug;
		};
		B9B2E46F280E08FA00222F90 /* Release */ = {
			isa = XCBuildConfiguration;
			buildSettings = {
				ASSETCATALOG_COMPILER_APPICON_NAME = AppIcon;
				ASSETCATALOG_COMPILER_GLOBAL_ACCENT_COLOR_NAME = AccentColor;
				CODE_SIGN_STYLE = Automatic;
				CURRENT_PROJECT_VERSION = 1;
				DEVELOPMENT_TEAM = 9Y58TRUZ8U;
				GENERATE_INFOPLIST_FILE = YES;
				INFOPLIST_FILE = "Application Tracker/Info.plist";
				INFOPLIST_KEY_UIApplicationSupportsIndirectInputEvents = YES;
				INFOPLIST_KEY_UILaunchStoryboardName = LaunchScreen;
				INFOPLIST_KEY_UIMainStoryboardFile = Main;
				INFOPLIST_KEY_UISupportedInterfaceOrientations_iPad = "UIInterfaceOrientationPortrait UIInterfaceOrientationPortraitUpsideDown UIInterfaceOrientationLandscapeLeft UIInterfaceOrientationLandscapeRight";
				INFOPLIST_KEY_UISupportedInterfaceOrientations_iPhone = "UIInterfaceOrientationPortrait UIInterfaceOrientationLandscapeLeft UIInterfaceOrientationLandscapeRight";
				LD_RUNPATH_SEARCH_PATHS = (
					"$(inherited)",
					"@executable_path/Frameworks",
				);
				MARKETING_VERSION = 1.0;
				PRODUCT_BUNDLE_IDENTIFIER = "com.arslankaanaydin.Application-Tracker";
				PRODUCT_NAME = "$(TARGET_NAME)";
				SWIFT_EMIT_LOC_STRINGS = YES;
				SWIFT_VERSION = 5.0;
				TARGETED_DEVICE_FAMILY = "1,2";
			};
			name = Release;
		};
/* End XCBuildConfiguration section */

/* Begin XCConfigurationList section */
		B9B2E454280E08FA00222F90 /* Build configuration list for PBXProject "Application Tracker" */ = {
			isa = XCConfigurationList;
			buildConfigurations = (
				B9B2E46B280E08FA00222F90 /* Debug */,
				B9B2E46C280E08FA00222F90 /* Release */,
			);
			defaultConfigurationIsVisible = 0;
			defaultConfigurationName = Release;
		};
		B9B2E46D280E08FA00222F90 /* Build configuration list for PBXNativeTarget "Application Tracker" */ = {
			isa = XCConfigurationList;
			buildConfigurations = (
				B9B2E46E280E08FA00222F90 /* Debug */,
				B9B2E46F280E08FA00222F90 /* Release */,
			);
			defaultConfigurationIsVisible = 0;
			defaultConfigurationName = Release;
		};
/* End XCConfigurationList section */

/* Begin XCRemoteSwiftPackageReference section */
		B9B2E477280E0B5A00222F90 /* XCRemoteSwiftPackageReference "SnapKit" */ = {
			isa = XCRemoteSwiftPackageReference;
			repositoryURL = "https://github.com/SnapKit/SnapKit.git";
			requirement = {
				branch = develop;
				kind = branch;
			};
		};
/* End XCRemoteSwiftPackageReference section */

/* Begin XCSwiftPackageProductDependency section */
		B9B2E478280E0B5A00222F90 /* SnapKit */ = {
			isa = XCSwiftPackageProductDependency;
			package = B9B2E477280E0B5A00222F90 /* XCRemoteSwiftPackageReference "SnapKit" */;
			productName = SnapKit;
		};
/* End XCSwiftPackageProductDependency section */

/* Begin XCVersionGroup section */
		B90EF70628155ED000EC1BB6 /* Interview_Tracker_Core_Data_Model.xcdatamodeld */ = {
			isa = XCVersionGroup;
			children = (
				B90EF70728155ED000EC1BB6 /* Interview_Tracker_Core_Data_Model.xcdatamodel */,
			);
			currentVersion = B90EF70728155ED000EC1BB6 /* Interview_Tracker_Core_Data_Model.xcdatamodel */;
			path = Interview_Tracker_Core_Data_Model.xcdatamodeld;
			sourceTree = "<group>";
			versionGroupType = wrapper.xcdatamodel;
		};
/* End XCVersionGroup section */
	};
	rootObject = B9B2E451280E08FA00222F90 /* Project object */;
}
